
Microsoft Visual Studio Solution File, Format Version 12.00
# Visual Studio Version 17
VisualStudioVersion = 17.9.34616.47
MinimumVisualStudioVersion = 10.0.40219.1
Project("{FAE04EC0-301F-11D3-BF4B-00C04F79EFBC}") = "dem_ex_final", "dem_ex_final\dem_ex_final.csproj", "{18B960E2-35BB-410C-B855-97BCD37BF55D}"
EndProject
Global
	GlobalSection(SolutionConfigurationPlatforms) = preSolution
		Debug|Any CPU = Debug|Any CPU
		Release|Any CPU = Release|Any CPU
	EndGlobalSection
	GlobalSection(ProjectConfigurationPlatforms) = postSolution
		{18B960E2-35BB-410C-B855-97BCD37BF55D}.Debug|Any CPU.ActiveCfg = Debug|Any CPU
		{18B960E2-35BB-410C-B855-97BCD37BF55D}.Debug|Any CPU.Build.0 = Debug|Any CPU
		{18B960E2-35BB-410C-B855-97BCD37BF55D}.Release|Any CPU.ActiveCfg = Release|Any CPU
		{18B960E2-35BB-410C-B855-97BCD37BF55D}.Release|Any CPU.Build.0 = Release|Any CPU
	EndGlobalSection
	GlobalSection(SolutionProperties) = preSolution
		HideSolutionNode = FALSE
	EndGlobalSection
	GlobalSection(ExtensibilityGlobals) = postSolution
		SolutionGuid = {C4116A10-C042-4F93-AFFB-889ADA99BE7F}
	EndGlobalSection
EndGlobal
